// !$*UTF8*$!
{
	archiveVersion = 1;
	classes = {
	};
	objectVersion = 50;
	objects = {

/* Begin PBXBuildFile section */
		C17DA96C22FB2FE7001E5472 /* AppDelegate.swift in Sources */ = {isa = PBXBuildFile; fileRef = C17DA96B22FB2FE7001E5472 /* AppDelegate.swift */; };
		C17DA96E22FB2FE7001E5472 /* ViewController.swift in Sources */ = {isa = PBXBuildFile; fileRef = C17DA96D22FB2FE7001E5472 /* ViewController.swift */; };
		C17DA97122FB2FE7001E5472 /* Main.storyboard in Resources */ = {isa = PBXBuildFile; fileRef = C17DA96F22FB2FE7001E5472 /* Main.storyboard */; };
		C17DA97322FB2FE9001E5472 /* Assets.xcassets in Resources */ = {isa = PBXBuildFile; fileRef = C17DA97222FB2FE9001E5472 /* Assets.xcassets */; };
		C17DA97622FB2FE9001E5472 /* LaunchScreen.storyboard in Resources */ = {isa = PBXBuildFile; fileRef = C17DA97422FB2FE9001E5472 /* LaunchScreen.storyboard */; };
/* End PBXBuildFile section */

/* Begin PBXFileReference section */
		C17DA96822FB2FE7001E5472 /* Audio Recording.app */ = {isa = PBXFileReference; explicitFileType = wrapper.application; includeInIndex = 0; path = "Audio Recording.app"; sourceTree = BUILT_PRODUCTS_DIR; };
		C17DA96B22FB2FE7001E5472 /* AppDelegate.swift */ = {isa = PBXFileReference; lastKnownFileType = sourcecode.swift; path = AppDelegate.swift; sourceTree = "<group>"; };
		C17DA96D22FB2FE7001E5472 /* ViewController.swift */ = {isa = PBXFileReference; lastKnownFileType = sourcecode.swift; path = ViewController.swift; sourceTree = "<group>"; };
		C17DA97022FB2FE7001E5472 /* Base */ = {isa = PBXFileReference; lastKnownFileType = file.storyboard; name = Base; path = Base.lproj/Main.storyboard; sourceTree = "<group>"; };
		C17DA97222FB2FE9001E5472 /* Assets.xcassets */ = {isa = PBXFileReference; lastKnownFileType = folder.assetcatalog; path = Assets.xcassets; sourceTree = "<group>"; };
		C17DA97522FB2FE9001E5472 /* Base */ = {isa = PBXFileReference; lastKnownFileType = file.storyboard; name = Base; path = Base.lproj/LaunchScreen.storyboard; sourceTree = "<group>"; };
		C17DA97722FB2FE9001E5472 /* Info.plist */ = {isa = PBXFileReference; lastKnownFileType = text.plist.xml; path = Info.plist; sourceTree = "<group>"; };
/* End PBXFileReference section */

/* Begin PBXFrameworksBuildPhase section */
		C17DA96522FB2FE7001E5472 /* Frameworks */ = {
			isa = PBXFrameworksBuildPhase;
			buildActionMask = 2147483647;
			files = (
			);
			runOnlyForDeploymentPostprocessing = 0;
		};
/* End PBXFrameworksBuildPhase section */

/* Begin PBXGroup section */
		C17DA95F22FB2FE6001E5472 = {
			isa = PBXGroup;
			children = (
				C17DA96A22FB2FE7001E5472 /* Audio Recording */,
				C17DA96922FB2FE7001E5472 /* Products */,
			);
			sourceTree = "<group>";
		};
		C17DA96922FB2FE7001E5472 /* Products */ = {
			isa = PBXGroup;
			children = (
				C17DA96822FB2FE7001E5472 /* Audio Recording.app */,
			);
			name = Products;
			sourceTree = "<group>";
		};
		C17DA96A22FB2FE7001E5472 /* Audio Recording */ = {
			isa = PBXGroup;
			children = (
				C17DA96B22FB2FE7001E5472 /* AppDelegate.swift */,
				C17DA96D22FB2FE7001E5472 /* ViewController.swift */,
				C17DA96F22FB2FE7001E5472 /* Main.storyboard */,
				C17DA97222FB2FE9001E5472 /* Assets.xcassets */,
				C17DA97422FB2FE9001E5472 /* LaunchScreen.storyboard */,
				C17DA97722FB2FE9001E5472 /* Info.plist */,
			);
			path = "Audio Recording";
			sourceTree = "<group>";
		};
/* End PBXGroup section */

/* Begin PBXNativeTarget section */
		C17DA96722FB2FE7001E5472 /* Audio Recording */ = {
			isa = PBXNativeTarget;
			buildConfigurationList = C17DA97A22FB2FE9001E5472 /* Build configuration list for PBXNativeTarget "Audio Recording" */;
			buildPhases = (
				C17DA96422FB2FE7001E5472 /* Sources */,
				C17DA96522FB2FE7001E5472 /* Frameworks */,
				C17DA96622FB2FE7001E5472 /* Resources */,
			);
			buildRules = (
			);
			dependencies = (
			);
			name = "Audio Recording";
			productName = "Audio Recording";
			productReference = C17DA96822FB2FE7001E5472 /* Audio Recording.app */;
			productType = "com.apple.product-type.application";
		};
/* End PBXNativeTarget section */

/* Begin PBXProject section */
		C17DA96022FB2FE6001E5472 /* Project object */ = {
			isa = PBXProject;
			attributes = {
				LastSwiftUpdateCheck = 1010;
				LastUpgradeCheck = 1010;
				ORGANIZATIONNAME = "Ganesh Balaji Pawar";
				TargetAttributes = {
					C17DA96722FB2FE7001E5472 = {
						CreatedOnToolsVersion = 10.1;
					};
				};
			};
			buildConfigurationList = C17DA96322FB2FE6001E5472 /* Build configuration list for PBXProject "Audio Recording" */;
			compatibilityVersion = "Xcode 9.3";
			developmentRegion = en;
			hasScannedForEncodings = 0;
			knownRegions = (
				en,
				Base,
			);
			mainGroup = C17DA95F22FB2FE6001E5472;
			productRefGroup = C17DA96922FB2FE7001E5472 /* Products */;
			projectDirPath = "";
			projectRoot = "";
			targets = (
				C17DA96722FB2FE7001E5472 /* Audio Recording */,
			);
		};
/* End PBXProject section */

/* Begin PBXResourcesBuildPhase section */
		C17DA96622FB2FE7001E5472 /* Resources */ = {
			isa = PBXResourcesBuildPhase;
			buildActionMask = 2147483647;
			files = (
				C17DA97622FB2FE9001E5472 /* LaunchScreen.storyboard in Resources */,
				C17DA97322FB2FE9001E5472 /* Assets.xcassets in Resources */,
				C17DA97122FB2FE7001E5472 /* Main.storyboard in Resources */,
			);
			runOnlyForDeploymentPostprocessing = 0;
		};
/* End PBXResourcesBuildPhase section */

/* Begin PBXSourcesBuildPhase section */
		C17DA96422FB2FE7001E5472 /* Sources */ = {
			isa = PBXSourcesBuildPhase;
			buildActionMask = 2147483647;
			files = (
				C17DA96E22FB2FE7001E5472 /* ViewController.swift in Sources */,
				C17DA96C22FB2FE7001E5472 /* AppDelegate.swift in Sources */,
			);
			runOnlyForDeploymentPostprocessing = 0;
		};
/* End PBXSourcesBuildPhase section */

/* Begin PBXVariantGroup section */
		C17DA96F22FB2FE7001E5472 /* Main.storyboard */ = {
			isa = PBXVariantGroup;
			children = (
				C17DA97022FB2FE7001E5472 /* Base */,
			);
			name = Main.storyboard;
			sourceTree = "<group>";
		};
		C17DA97422FB2FE9001E5472 /* LaunchScreen.storyboard */ = {
			isa = PBXVariantGroup;
			children = (
				C17DA97522FB2FE9001E5472 /* Base */,
			);
			name = LaunchScreen.storyboard;
			sourceTree = "<group>";
		};
/* End PBXVariantGroup section */

/* Begin XCBuildConfiguration section */
		C17DA97822FB2FE9001E5472 /* Debug */ = {
			isa = XCBuildConfiguration;
			buildSettings = {
				ALWAYS_SEARCH_USER_PATHS = NO;
				CLANG_ANALYZER_NONNULL = YES;
				CLANG_ANALYZER_NUMBER_OBJECT_CONVERSION = YES_AGGRESSIVE;
				CLANG_CXX_LANGUAGE_STANDARD = "gnu++14";
				CLANG_CXX_LIBRARY = "libc++";
				CLANG_ENABLE_MODULES = YES;
				CLANG_ENABLE_OBJC_ARC = YES;
				CLANG_ENABLE_OBJC_WEAK = YES;
				CLANG_WARN_BLOCK_CAPTURE_AUTORELEASING = YES;
				CLANG_WARN_BOOL_CONVERSION = YES;
				CLANG_WARN_COMMA = YES;
				CLANG_WARN_CONSTANT_CONVERSION = YES;
				CLANG_WARN_DEPRECATED_OBJC_IMPLEMENTATIONS = YES;
				CLANG_WARN_DIRECT_OBJC_ISA_USAGE = YES_ERROR;
				CLANG_WARN_DOCUMENTATION_COMMENTS = YES;
				CLANG_WARN_EMPTY_BODY = YES;
				CLANG_WARN_ENUM_CONVERSION = YES;
				CLANG_WARN_INFINITE_RECURSION = YES;
				CLANG_WARN_INT_CONVERSION = YES;
				CLANG_WARN_NON_LITERAL_NULL_CONVERSION = YES;
				CLANG_WARN_OBJC_IMPLICIT_RETAIN_SELF = YES;
				CLANG_WARN_OBJC_LITERAL_CONVERSION = YES;
				CLANG_WARN_OBJC_ROOT_CLASS = YES_ERROR;
				CLANG_WARN_RANGE_LOOP_ANALYSIS = YES;
				CLANG_WARN_STRICT_PROTOTYPES = YES;
				CLANG_WARN_SUSPICIOUS_MOVE = YES;
				CLANG_WARN_UNGUARDED_AVAILABILITY = YES_AGGRESSIVE;
				CLANG_WARN_UNREACHABLE_CODE = YES;
				CLANG_WARN__DUPLICATE_METHOD_MATCH = YES;
				CODE_SIGN_IDENTITY = "iPhone Developer";
				COPY_PHASE_STRIP = NO;
				DEBUG_INFORMATION_FORMAT = dwarf;
				ENABLE_STRICT_OBJC_MSGSEND = YES;
				ENABLE_TESTABILITY = YES;
				GCC_C_LANGUAGE_STANDARD = gnu11;
				GCC_DYNAMIC_NO_PIC = NO;
				GCC_NO_COMMON_BLOCKS = YES;
				GCC_OPTIMIZATION_LEVEL = 0;
				GCC_PREPROCESSOR_DEFINITIONS = (
					"DEBUG=1",
					"$(inherited)",
				);
				GCC_WARN_64_TO_32_BIT_CONVERSION = YES;
				GCC_WARN_ABOUT_RETURN_TYPE = YES_ERROR;
				GCC_WARN_UNDECLARED_SELECTOR = YES;
				GCC_WARN_UNINITIALIZED_AUTOS = YES_AGGRESSIVE;
				GCC_WARN_UNUSED_FUNCTION = YES;
				GCC_WARN_UNUSED_VARIABLE = YES;
				IPHONEOS_DEPLOYMENT_TARGET = 12.1;
				MTL_ENABLE_DEBUG_INFO = INCLUDE_SOURCE;
				MTL_FAST_MATH = YES;
				ONLY_ACTIVE_ARCH = YES;
				SDKROOT = iphoneos;
				SWIFT_ACTIVE_COMPILATION_CONDITIONS = DEBUG;
				SWIFT_OPTIMIZATION_LEVEL = "-Onone";
			};
			name = Debug;
		};
		C17DA97922FB2FE9001E5472 /* Release */ = {
			isa = XCBuildConfiguration;
			buildSettings = {
				ALWAYS_SEARCH_USER_PATHS = NO;
				CLANG_ANALYZER_NONNULL = YES;
				CLANG_ANALYZER_NUMBER_OBJECT_CONVERSION = YES_AGGRESSIVE;
				CLANG_CXX_LANGUAGE_STANDARD = "gnu++14";
				CLANG_CXX_LIBRARY = "libc++";
				CLANG_ENABLE_MODULES = YES;
				CLANG_ENABLE_OBJC_ARC = YES;
				CLANG_ENABLE_OBJC_WEAK = YES;
				CLANG_WARN_BLOCK_CAPTURE_AUTORELEASING = YES;
				CLANG_WARN_BOOL_CONVERSION = YES;
				CLANG_WARN_COMMA = YES;
				CLANG_WARN_CONSTANT_CONVERSION = YES;
				CLANG_WARN_DEPRECATED_OBJC_IMPLEMENTATIONS = YES;
				CLANG_WARN_DIRECT_OBJC_ISA_USAGE = YES_ERROR;
				CLANG_WARN_DOCUMENTATION_COMMENTS = YES;
				CLANG_WARN_EMPTY_BODY = YES;
				CLANG_WARN_ENUM_CONVERSION = YES;
				CLANG_WARN_INFINITE_RECURSION = YES;
				CLANG_WARN_INT_CONVERSION = YES;
				CLANG_WARN_NON_LITERAL_NULL_CONVERSION = YES;
				CLANG_WARN_OBJC_IMPLICIT_RETAIN_SELF = YES;
				CLANG_WARN_OBJC_LITERAL_CONVERSION = YES;
				CLANG_WARN_OBJC_ROOT_CLASS = YES_ERROR;
				CLANG_WARN_RANGE_LOOP_ANALYSIS = YES;
				CLANG_WARN_STRICT_PROTOTYPES = YES;
				CLANG_WARN_SUSPICIOUS_MOVE = YES;
				CLANG_WARN_UNGUARDED_AVAILABILITY = YES_AGGRESSIVE;
				CLANG_WARN_UNREACHABLE_CODE = YES;
				CLANG_WARN__DUPLICATE_METHOD_MATCH = YES;
				CODE_SIGN_IDENTITY = "iPhone Developer";
				COPY_PHASE_STRIP = NO;
				DEBUG_INFORMATION_FORMAT = "dwarf-with-dsym";
				ENABLE_NS_ASSERTIONS = NO;
				ENABLE_STRICT_OBJC_MSGSEND = YES;
				GCC_C_LANGUAGE_STANDARD = gnu11;
				GCC_NO_COMMON_BLOCKS = YES;
				GCC_WARN_64_TO_32_BIT_CONVERSION = YES;
				GCC_WARN_ABOUT_RETURN_TYPE = YES_ERROR;
				GCC_WARN_UNDECLARED_SELECTOR = YES;
				GCC_WARN_UNINITIALIZED_AUTOS = YES_AGGRESSIVE;
				GCC_WARN_UNUSED_FUNCTION = YES;
				GCC_WARN_UNUSED_VARIABLE = YES;
				IPHONEOS_DEPLOYMENT_TARGET = 12.1;
				MTL_ENABLE_DEBUG_INFO = NO;
				MTL_FAST_MATH = YES;
				SDKROOT = iphoneos;
				SWIFT_COMPILATION_MODE = wholemodule;
				SWIFT_OPTIMIZATION_LEVEL = "-O";
				VALIDATE_PRODUCT = YES;
			};
			name = Release;
		};
		C17DA97B22FB2FE9001E5472 /* Debug */ = {
			isa = XCBuildConfiguration;
			buildSettings = {
				ASSETCATALOG_COMPILER_APPICON_NAME = AppIcon;
				CODE_SIGN_IDENTITY = "iPhone Developer";
				CODE_SIGN_STYLE = Automatic;
				DEVELOPMENT_TEAM = 87P8NRMJY6;
				INFOPLIST_FILE = "Audio Recording/Info.plist";
				LD_RUNPATH_SEARCH_PATHS = (
					"$(inherited)",
					"@executable_path/Frameworks",
				);
				PRODUCT_BUNDLE_IDENTIFIER = "in.co.360ds.Audio-Recording";
				PRODUCT_NAME = "$(TARGET_NAME)";
				PROVISIONING_PROFILE_SPECIFIER = "";
				SWIFT_VERSION = 4.2;
				TARGETED_DEVICE_FAMILY = "1,2";
			};
			name = Debug;
		};
		C17DA97C22FB2FE9001E5472 /* Release */ = {
			isa = XCBuildConfiguration;
			buildSettings = {
				ASSETCATALOG_COMPILER_APPICON_NAME = AppIcon;
				CODE_SIGN_IDENTITY = "iPhone Developer";
				CODE_SIGN_STYLE = Automatic;
				DEVELOPMENT_TEAM = 87P8NRMJY6;
				INFOPLIST_FILE = "Audio Recording/Info.plist";
				LD_RUNPATH_SEARCH_PATHS = (
					"$(inherited)",
					"@executable_path/Frameworks",
				);
				PRODUCT_BUNDLE_IDENTIFIER = "in.co.360ds.Audio-Recording";
				PRODUCT_NAME = "$(TARGET_NAME)";
				PROVISIONING_PROFILE_SPECIFIER = "";
				SWIFT_VERSION = 4.2;
				TARGETED_DEVICE_FAMILY = "1,2";
			};
			name = Release;
		};
/* End XCBuildConfiguration section */

/* Begin XCConfigurationList section */
		C17DA96322FB2FE6001E5472 /* Build configuration list for PBXProject "Audio Recording" */ = {
			isa = XCConfigurationList;
			buildConfigurations = (
				C17DA97822FB2FE9001E5472 /* Debug */,
				C17DA97922FB2FE9001E5472 /* Release */,
			);
			defaultConfigurationIsVisible = 0;
			defaultConfigurationName = Release;
		};
		C17DA97A22FB2FE9001E5472 /* Build configuration list for PBXNativeTarget "Audio Recording" */ = {
			isa = XCConfigurationList;
			buildConfigurations = (
				C17DA97B22FB2FE9001E5472 /* Debug */,
				C17DA97C22FB2FE9001E5472 /* Release */,
			);
			defaultConfigurationIsVisible = 0;
			defaultConfigurationName = Release;
		};
/* End XCConfigurationList section */
	};
	rootObject = C17DA96022FB2FE6001E5472 /* Project object */;
}
